// !$*UTF8*$!
{
	archiveVersion = 1;
	classes = {
	};
	objectVersion = 46;
	objects = {

/* Begin PBXBuildFile section */
		A7233F381B1067E30017DC57 /* MemeCollectionViewCell.swift in Sources */ = {isa = PBXBuildFile; fileRef = A7233F371B1067E30017DC57 /* MemeCollectionViewCell.swift */; };
		A727CE3B1B13052B00FA4114 /* MemeDetailViewController.swift in Sources */ = {isa = PBXBuildFile; fileRef = A727CE3A1B13052B00FA4114 /* MemeDetailViewController.swift */; };
		A7D6170C1B0FBF7900E7EBF5 /* AppDelegate.swift in Sources */ = {isa = PBXBuildFile; fileRef = A7D6170B1B0FBF7900E7EBF5 /* AppDelegate.swift */; };
		A7D6170E1B0FBF7900E7EBF5 /* MemeCreationViewController.swift in Sources */ = {isa = PBXBuildFile; fileRef = A7D6170D1B0FBF7900E7EBF5 /* MemeCreationViewController.swift */; };
		A7D617131B0FBF7900E7EBF5 /* Images.xcassets in Resources */ = {isa = PBXBuildFile; fileRef = A7D617121B0FBF7900E7EBF5 /* Images.xcassets */; };
		A7D617221B0FBF7900E7EBF5 /* MemeMeTests.swift in Sources */ = {isa = PBXBuildFile; fileRef = A7D617211B0FBF7900E7EBF5 /* MemeMeTests.swift */; };
		A7F7D6D21B0FD498002B15D8 /* Main.storyboard in Resources */ = {isa = PBXBuildFile; fileRef = A7D6170F1B0FBF7900E7EBF5 /* Main.storyboard */; };
		A7F7D6D31B0FD498002B15D8 /* LaunchScreen.xib in Resources */ = {isa = PBXBuildFile; fileRef = A7D617141B0FBF7900E7EBF5 /* LaunchScreen.xib */; };
		A7F7D6D51B0FDF0C002B15D8 /* Meme.swift in Sources */ = {isa = PBXBuildFile; fileRef = A7F7D6D41B0FDF0C002B15D8 /* Meme.swift */; };
		A7F7D6D71B0FF1DB002B15D8 /* MemesTableViewController.swift in Sources */ = {isa = PBXBuildFile; fileRef = A7F7D6D61B0FF1DB002B15D8 /* MemesTableViewController.swift */; };
		A7F7D6D91B0FF1FA002B15D8 /* MemesCollectionViewController.swift in Sources */ = {isa = PBXBuildFile; fileRef = A7F7D6D81B0FF1FA002B15D8 /* MemesCollectionViewController.swift */; };
/* End PBXBuildFile section */

/* Begin PBXContainerItemProxy section */
		A7D6171C1B0FBF7900E7EBF5 /* PBXContainerItemProxy */ = {
			isa = PBXContainerItemProxy;
			containerPortal = A7D616FE1B0FBF7900E7EBF5 /* Project object */;
			proxyType = 1;
			remoteGlobalIDString = A7D617051B0FBF7900E7EBF5;
			remoteInfo = MemeMe;
		};
/* End PBXContainerItemProxy section */

/* Begin PBXFileReference section */
		A7233F371B1067E30017DC57 /* MemeCollectionViewCell.swift */ = {isa = PBXFileReference; fileEncoding = 4; lastKnownFileType = sourcecode.swift; name = MemeCollectionViewCell.swift; path = ../MemeCollectionViewCell.swift; sourceTree = "<group>"; };
		A727CE3A1B13052B00FA4114 /* MemeDetailViewController.swift */ = {isa = PBXFileReference; fileEncoding = 4; lastKnownFileType = sourcecode.swift; path = MemeDetailViewController.swift; sourceTree = "<group>"; };
		A7D617061B0FBF7900E7EBF5 /* MemeMe.app */ = {isa = PBXFileReference; explicitFileType = wrapper.application; includeInIndex = 0; path = MemeMe.app; sourceTree = BUILT_PRODUCTS_DIR; };
		A7D6170A1B0FBF7900E7EBF5 /* Info.plist */ = {isa = PBXFileReference; lastKnownFileType = text.plist.xml; path = Info.plist; sourceTree = "<group>"; };
		A7D6170B1B0FBF7900E7EBF5 /* AppDelegate.swift */ = {isa = PBXFileReference; lastKnownFileType = sourcecode.swift; path = AppDelegate.swift; sourceTree = "<group>"; };
		A7D6170D1B0FBF7900E7EBF5 /* MemeCreationViewController.swift */ = {isa = PBXFileReference; lastKnownFileType = sourcecode.swift; path = MemeCreationViewController.swift; sourceTree = "<group>"; };
		A7D617101B0FBF7900E7EBF5 /* Base */ = {isa = PBXFileReference; lastKnownFileType = file.storyboard; name = Base; path = Base.lproj/Main.storyboard; sourceTree = "<group>"; };
		A7D617121B0FBF7900E7EBF5 /* Images.xcassets */ = {isa = PBXFileReference; lastKnownFileType = folder.assetcatalog; path = Images.xcassets; sourceTree = "<group>"; };
		A7D617151B0FBF7900E7EBF5 /* Base */ = {isa = PBXFileReference; lastKnownFileType = file.xib; name = Base; path = Base.lproj/LaunchScreen.xib; sourceTree = "<group>"; };
		A7D6171B1B0FBF7900E7EBF5 /* MemeMeTests.xctest */ = {isa = PBXFileReference; explicitFileType = wrapper.cfbundle; includeInIndex = 0; path = MemeMeTests.xctest; sourceTree = BUILT_PRODUCTS_DIR; };
		A7D617201B0FBF7900E7EBF5 /* Info.plist */ = {isa = PBXFileReference; lastKnownFileType = text.plist.xml; path = Info.plist; sourceTree = "<group>"; };
		A7D617211B0FBF7900E7EBF5 /* MemeMeTests.swift */ = {isa = PBXFileReference; lastKnownFileType = sourcecode.swift; path = MemeMeTests.swift; sourceTree = "<group>"; };
		A7F7D6D41B0FDF0C002B15D8 /* Meme.swift */ = {isa = PBXFileReference; fileEncoding = 4; lastKnownFileType = sourcecode.swift; path = Meme.swift; sourceTree = "<group>"; };
		A7F7D6D61B0FF1DB002B15D8 /* MemesTableViewController.swift */ = {isa = PBXFileReference; fileEncoding = 4; lastKnownFileType = sourcecode.swift; path = MemesTableViewController.swift; sourceTree = "<group>"; };
		A7F7D6D81B0FF1FA002B15D8 /* MemesCollectionViewController.swift */ = {isa = PBXFileReference; fileEncoding = 4; lastKnownFileType = sourcecode.swift; path = MemesCollectionViewController.swift; sourceTree = "<group>"; };
/* End PBXFileReference section */

/* Begin PBXFrameworksBuildPhase section */
		A7D617031B0FBF7900E7EBF5 /* Frameworks */ = {
			isa = PBXFrameworksBuildPhase;
			buildActionMask = 2147483647;
			files = (
			);
			runOnlyForDeploymentPostprocessing = 0;
		};
		A7D617181B0FBF7900E7EBF5 /* Frameworks */ = {
			isa = PBXFrameworksBuildPhase;
			buildActionMask = 2147483647;
			files = (
			);
			runOnlyForDeploymentPostprocessing = 0;
		};
/* End PBXFrameworksBuildPhase section */

/* Begin PBXGroup section */
		A7D616FD1B0FBF7900E7EBF5 = {
			isa = PBXGroup;
			children = (
				A7D617081B0FBF7900E7EBF5 /* MemeMe */,
				A7D6171E1B0FBF7900E7EBF5 /* MemeMeTests */,
				A7D617071B0FBF7900E7EBF5 /* Products */,
			);
			sourceTree = "<group>";
		};
		A7D617071B0FBF7900E7EBF5 /* Products */ = {
			isa = PBXGroup;
			children = (
				A7D617061B0FBF7900E7EBF5 /* MemeMe.app */,
				A7D6171B1B0FBF7900E7EBF5 /* MemeMeTests.xctest */,
			);
			name = Products;
			sourceTree = "<group>";
		};
		A7D617081B0FBF7900E7EBF5 /* MemeMe */ = {
			isa = PBXGroup;
			children = (
				A7233F371B1067E30017DC57 /* MemeCollectionViewCell.swift */,
				A7D6170B1B0FBF7900E7EBF5 /* AppDelegate.swift */,
				A7D6170D1B0FBF7900E7EBF5 /* MemeCreationViewController.swift */,
				A7F7D6D61B0FF1DB002B15D8 /* MemesTableViewController.swift */,
				A7F7D6D81B0FF1FA002B15D8 /* MemesCollectionViewController.swift */,
				A7F7D6D41B0FDF0C002B15D8 /* Meme.swift */,
				A7D6170F1B0FBF7900E7EBF5 /* Main.storyboard */,
				A727CE3A1B13052B00FA4114 /* MemeDetailViewController.swift */,
				A7D617121B0FBF7900E7EBF5 /* Images.xcassets */,
				A7D617141B0FBF7900E7EBF5 /* LaunchScreen.xib */,
				A7D617091B0FBF7900E7EBF5 /* Supporting Files */,
			);
			path = MemeMe;
			sourceTree = "<group>";
		};
		A7D617091B0FBF7900E7EBF5 /* Supporting Files */ = {
			isa = PBXGroup;
			children = (
				A7D6170A1B0FBF7900E7EBF5 /* Info.plist */,
			);
			name = "Supporting Files";
			sourceTree = "<group>";
		};
		A7D6171E1B0FBF7900E7EBF5 /* MemeMeTests */ = {
			isa = PBXGroup;
			children = (
				A7D617211B0FBF7900E7EBF5 /* MemeMeTests.swift */,
				A7D6171F1B0FBF7900E7EBF5 /* Supporting Files */,
			);
			path = MemeMeTests;
			sourceTree = "<group>";
		};
		A7D6171F1B0FBF7900E7EBF5 /* Supporting Files */ = {
			isa = PBXGroup;
			children = (
				A7D617201B0FBF7900E7EBF5 /* Info.plist */,
			);
			name = "Supporting Files";
			sourceTree = "<group>";
		};
/* End PBXGroup section */

/* Begin PBXNativeTarget section */
		A7D617051B0FBF7900E7EBF5 /* MemeMe */ = {
			isa = PBXNativeTarget;
			buildConfigurationList = A7D617251B0FBF7900E7EBF5 /* Build configuration list for PBXNativeTarget "MemeMe" */;
			buildPhases = (
				A7D617021B0FBF7900E7EBF5 /* Sources */,
				A7D617031B0FBF7900E7EBF5 /* Frameworks */,
				A7D617041B0FBF7900E7EBF5 /* Resources */,
			);
			buildRules = (
			);
			dependencies = (
			);
			name = MemeMe;
			productName = MemeMe;
			productReference = A7D617061B0FBF7900E7EBF5 /* MemeMe.app */;
			productType = "com.apple.product-type.application";
		};
		A7D6171A1B0FBF7900E7EBF5 /* MemeMeTests */ = {
			isa = PBXNativeTarget;
			buildConfigurationList = A7D617281B0FBF7900E7EBF5 /* Build configuration list for PBXNativeTarget "MemeMeTests" */;
			buildPhases = (
				A7D617171B0FBF7900E7EBF5 /* Sources */,
				A7D617181B0FBF7900E7EBF5 /* Frameworks */,
				A7D617191B0FBF7900E7EBF5 /* Resources */,
			);
			buildRules = (
			);
			dependencies = (
				A7D6171D1B0FBF7900E7EBF5 /* PBXTargetDependency */,
			);
			name = MemeMeTests;
			productName = MemeMeTests;
			productReference = A7D6171B1B0FBF7900E7EBF5 /* MemeMeTests.xctest */;
			productType = "com.apple.product-type.bundle.unit-test";
		};
/* End PBXNativeTarget section */

/* Begin PBXProject section */
		A7D616FE1B0FBF7900E7EBF5 /* Project object */ = {
			isa = PBXProject;
			attributes = {
				LastUpgradeCheck = 0630;
				ORGANIZATIONNAME = "Square One Nation, LLC";
				TargetAttributes = {
					A7D617051B0FBF7900E7EBF5 = {
						CreatedOnToolsVersion = 6.3.2;
						DevelopmentTeam = YE7C795ZT8;
					};
					A7D6171A1B0FBF7900E7EBF5 = {
						CreatedOnToolsVersion = 6.3.2;
						TestTargetID = A7D617051B0FBF7900E7EBF5;
					};
				};
			};
			buildConfigurationList = A7D617011B0FBF7900E7EBF5 /* Build configuration list for PBXProject "MemeMe" */;
			compatibilityVersion = "Xcode 3.2";
			developmentRegion = English;
			hasScannedForEncodings = 0;
			knownRegions = (
				en,
				Base,
			);
			mainGroup = A7D616FD1B0FBF7900E7EBF5;
			productRefGroup = A7D617071B0FBF7900E7EBF5 /* Products */;
			projectDirPath = "";
			projectRoot = "";
			targets = (
				A7D617051B0FBF7900E7EBF5 /* MemeMe */,
				A7D6171A1B0FBF7900E7EBF5 /* MemeMeTests */,
			);
		};
/* End PBXProject section */

/* Begin PBXResourcesBuildPhase section */
		A7D617041B0FBF7900E7EBF5 /* Resources */ = {
			isa = PBXResourcesBuildPhase;
			buildActionMask = 2147483647;
			files = (
				A7F7D6D21B0FD498002B15D8 /* Main.storyboard in Resources */,
				A7F7D6D31B0FD498002B15D8 /* LaunchScreen.xib in Resources */,
				A7D617131B0FBF7900E7EBF5 /* Images.xcassets in Resources */,
			);
			runOnlyForDeploymentPostprocessing = 0;
		};
		A7D617191B0FBF7900E7EBF5 /* Resources */ = {
			isa = PBXResourcesBuildPhase;
			buildActionMask = 2147483647;
			files = (
			);
			runOnlyForDeploymentPostprocessing = 0;
		};
/* End PBXResourcesBuildPhase section */

/* Begin PBXSourcesBuildPhase section */
		A7D617021B0FBF7900E7EBF5 /* Sources */ = {
			isa = PBXSourcesBuildPhase;
			buildActionMask = 2147483647;
			files = (
				A7233F381B1067E30017DC57 /* MemeCollectionViewCell.swift in Sources */,
				A7F7D6D51B0FDF0C002B15D8 /* Meme.swift in Sources */,
				A7D6170E1B0FBF7900E7EBF5 /* MemeCreationViewController.swift in Sources */,
				A7D6170C1B0FBF7900E7EBF5 /* AppDelegate.swift in Sources */,
				A727CE3B1B13052B00FA4114 /* MemeDetailViewController.swift in Sources */,
				A7F7D6D71B0FF1DB002B15D8 /* MemesTableViewController.swift in Sources */,
				A7F7D6D91B0FF1FA002B15D8 /* MemesCollectionViewController.swift in Sources */,
			);
			runOnlyForDeploymentPostprocessing = 0;
		};
		A7D617171B0FBF7900E7EBF5 /* Sources */ = {
			isa = PBXSourcesBuildPhase;
			buildActionMask = 2147483647;
			files = (
				A7D617221B0FBF7900E7EBF5 /* MemeMeTests.swift in Sources */,
			);
			runOnlyForDeploymentPostprocessing = 0;
		};
/* End PBXSourcesBuildPhase section */

/* Begin PBXTargetDependency section */
		A7D6171D1B0FBF7900E7EBF5 /* PBXTargetDependency */ = {
			isa = PBXTargetDependency;
			target = A7D617051B0FBF7900E7EBF5 /* MemeMe */;
			targetProxy = A7D6171C1B0FBF7900E7EBF5 /* PBXContainerItemProxy */;
		};
/* End PBXTargetDependency section */

/* Begin PBXVariantGroup section */
		A7D6170F1B0FBF7900E7EBF5 /* Main.storyboard */ = {
			isa = PBXVariantGroup;
			children = (
				A7D617101B0FBF7900E7EBF5 /* Base */,
			);
			name = Main.storyboard;
			sourceTree = "<group>";
		};
		A7D617141B0FBF7900E7EBF5 /* LaunchScreen.xib */ = {
			isa = PBXVariantGroup;
			children = (
				A7D617151B0FBF7900E7EBF5 /* Base */,
			);
			name = LaunchScreen.xib;
			sourceTree = "<group>";
		};
/* End PBXVariantGroup section */

/* Begin XCBuildConfiguration section */
		A7D617231B0FBF7900E7EBF5 /* Debug */ = {
			isa = XCBuildConfiguration;
			buildSettings = {
				ALWAYS_SEARCH_USER_PATHS = NO;
				CLANG_CXX_LANGUAGE_STANDARD = "gnu++0x";
				CLANG_CXX_LIBRARY = "libc++";
				CLANG_ENABLE_MODULES = YES;
				CLANG_ENABLE_OBJC_ARC = YES;
				CLANG_WARN_BOOL_CONVERSION = YES;
				CLANG_WARN_CONSTANT_CONVERSION = YES;
				CLANG_WARN_DIRECT_OBJC_ISA_USAGE = YES_ERROR;
				CLANG_WARN_EMPTY_BODY = YES;
				CLANG_WARN_ENUM_CONVERSION = YES;
				CLANG_WARN_INT_CONVERSION = YES;
				CLANG_WARN_OBJC_ROOT_CLASS = YES_ERROR;
				CLANG_WARN_UNREACHABLE_CODE = YES;
				CLANG_WARN__DUPLICATE_METHOD_MATCH = YES;
				"CODE_SIGN_IDENTITY[sdk=iphoneos*]" = "iPhone Developer";
				COPY_PHASE_STRIP = NO;
				DEBUG_INFORMATION_FORMAT = "dwarf-with-dsym";
				ENABLE_STRICT_OBJC_MSGSEND = YES;
				GCC_C_LANGUAGE_STANDARD = gnu99;
				GCC_DYNAMIC_NO_PIC = NO;
				GCC_NO_COMMON_BLOCKS = YES;
				GCC_OPTIMIZATION_LEVEL = 0;
				GCC_PREPROCESSOR_DEFINITIONS = (
					"DEBUG=1",
					"$(inherited)",
				);
				GCC_SYMBOLS_PRIVATE_EXTERN = NO;
				GCC_WARN_64_TO_32_BIT_CONVERSION = YES;
				GCC_WARN_ABOUT_RETURN_TYPE = YES_ERROR;
				GCC_WARN_UNDECLARED_SELECTOR = YES;
				GCC_WARN_UNINITIALIZED_AUTOS = YES_AGGRESSIVE;
				GCC_WARN_UNUSED_FUNCTION = YES;
				GCC_WARN_UNUSED_VARIABLE = YES;
				IPHONEOS_DEPLOYMENT_TARGET = 8.3;
				MTL_ENABLE_DEBUG_INFO = YES;
				ONLY_ACTIVE_ARCH = YES;
				SDKROOT = iphoneos;
				SWIFT_OPTIMIZATION_LEVEL = "-Onone";
			};
			name = Debug;
		};
		A7D617241B0FBF7900E7EBF5 /* Release */ = {
			isa = XCBuildConfiguration;
			buildSettings = {
				ALWAYS_SEARCH_USER_PATHS = NO;
				CLANG_CXX_LANGUAGE_STANDARD = "gnu++0x";
				CLANG_CXX_LIBRARY = "libc++";
				CLANG_ENABLE_MODULES = YES;
				CLANG_ENABLE_OBJC_ARC = YES;
				CLANG_WARN_BOOL_CONVERSION = YES;
				CLANG_WARN_CONSTANT_CONVERSION = YES;
				CLANG_WARN_DIRECT_OBJC_ISA_USAGE = YES_ERROR;
				CLANG_WARN_EMPTY_BODY = YES;
				CLANG_WARN_ENUM_CONVERSION = YES;
				CLANG_WARN_INT_CONVERSION = YES;
				CLANG_WARN_OBJC_ROOT_CLASS = YES_ERROR;
				CLANG_WARN_UNREACHABLE_CODE = YES;
				CLANG_WARN__DUPLICATE_METHOD_MATCH = YES;
				"CODE_SIGN_IDENTITY[sdk=iphoneos*]" = "iPhone Developer";
				COPY_PHASE_STRIP = NO;
				DEBUG_INFORMATION_FORMAT = "dwarf-with-dsym";
				ENABLE_NS_ASSERTIONS = NO;
				ENABLE_STRICT_OBJC_MSGSEND = YES;
				GCC_C_LANGUAGE_STANDARD = gnu99;
				GCC_NO_COMMON_BLOCKS = YES;
				GCC_WARN_64_TO_32_BIT_CONVERSION = YES;
				GCC_WARN_ABOUT_RETURN_TYPE = YES_ERROR;
				GCC_WARN_UNDECLARED_SELECTOR = YES;
				GCC_WARN_UNINITIALIZED_AUTOS = YES_AGGRESSIVE;
				GCC_WARN_UNUSED_FUNCTION = YES;
				GCC_WARN_UNUSED_VARIABLE = YES;
				IPHONEOS_DEPLOYMENT_TARGET = 8.3;
				MTL_ENABLE_DEBUG_INFO = NO;
				SDKROOT = iphoneos;
				VALIDATE_PRODUCT = YES;
			};
			name = Release;
		};
		A7D617261B0FBF7900E7EBF5 /* Debug */ = {
			isa = XCBuildConfiguration;
			buildSettings = {
				ASSETCATALOG_COMPILER_APPICON_NAME = AppIcon;
				CODE_SIGN_IDENTITY = "iPhone Developer";
				"CODE_SIGN_IDENTITY[sdk=iphoneos*]" = "iPhone Developer";
				INFOPLIST_FILE = MemeMe/Info.plist;
				LD_RUNPATH_SEARCH_PATHS = "$(inherited) @executable_path/Frameworks";
				PRODUCT_NAME = "$(TARGET_NAME)";
				PROVISIONING_PROFILE = "";
			};
			name = Debug;
		};
		A7D617271B0FBF7900E7EBF5 /* Release */ = {
			isa = XCBuildConfiguration;
			buildSettings = {
				ASSETCATALOG_COMPILER_APPICON_NAME = AppIcon;
				CODE_SIGN_IDENTITY = "iPhone Developer";
				"CODE_SIGN_IDENTITY[sdk=iphoneos*]" = "iPhone Developer";
				INFOPLIST_FILE = MemeMe/Info.plist;
				LD_RUNPATH_SEARCH_PATHS = "$(inherited) @executable_path/Frameworks";
				PRODUCT_NAME = "$(TARGET_NAME)";
				PROVISIONING_PROFILE = "";
			};
			name = Release;
		};
		A7D617291B0FBF7900E7EBF5 /* Debug */ = {
			isa = XCBuildConfiguration;
			buildSettings = {
				BUNDLE_LOADER = "$(TEST_HOST)";
				FRAMEWORK_SEARCH_PATHS = (
					"$(SDKROOT)/Developer/Library/Frameworks",
					"$(inherited)",
				);
				GCC_PREPROCESSOR_DEFINITIONS = (
					"DEBUG=1",
					"$(inherited)",
				);
				INFOPLIST_FILE = MemeMeTests/Info.plist;
				LD_RUNPATH_SEARCH_PATHS = "$(inherited) @executable_path/Frameworks @loader_path/Frameworks";
				PRODUCT_NAME = "$(TARGET_NAME)";
				TEST_HOST = "$(BUILT_PRODUCTS_DIR)/MemeMe.app/MemeMe";
			};
			name = Debug;
		};
		A7D6172A1B0FBF7900E7EBF5 /* Release */ = {
			isa = XCBuildConfiguration;
			buildSettings = {
				BUNDLE_LOADER = "$(TEST_HOST)";
				FRAMEWORK_SEARCH_PATHS = (
					"$(SDKROOT)/Developer/Library/Frameworks",
					"$(inherited)",
				);
				INFOPLIST_FILE = MemeMeTests/Info.plist;
				LD_RUNPATH_SEARCH_PATHS = "$(inherited) @executable_path/Frameworks @loader_path/Frameworks";
				PRODUCT_NAME = "$(TARGET_NAME)";
				TEST_HOST = "$(BUILT_PRODUCTS_DIR)/MemeMe.app/MemeMe";
			};
			name = Release;
		};
/* End XCBuildConfiguration section */

/* Begin XCConfigurationList section */
		A7D617011B0FBF7900E7EBF5 /* Build configuration list for PBXProject "MemeMe" */ = {
			isa = XCConfigurationList;
			buildConfigurations = (
				A7D617231B0FBF7900E7EBF5 /* Debug */,
				A7D617241B0FBF7900E7EBF5 /* Release */,
			);
			defaultConfigurationIsVisible = 0;
			defaultConfigurationName = Release;
		};
		A7D617251B0FBF7900E7EBF5 /* Build configuration list for PBXNativeTarget "MemeMe" */ = {
			isa = XCConfigurationList;
			buildConfigurations = (
				A7D617261B0FBF7900E7EBF5 /* Debug */,
				A7D617271B0FBF7900E7EBF5 /* Release */,
			);
			defaultConfigurationIsVisible = 0;
			defaultConfigurationName = Release;
		};
		A7D617281B0FBF7900E7EBF5 /* Build configuration list for PBXNativeTarget "MemeMeTests" */ = {
			isa = XCConfigurationList;
			buildConfigurations = (
				A7D617291B0FBF7900E7EBF5 /* Debug */,
				A7D6172A1B0FBF7900E7EBF5 /* Release */,
			);
			defaultConfigurationIsVisible = 0;
			defaultConfigurationName = Release;
		};
/* End XCConfigurationList section */
	};
	rootObject = A7D616FE1B0FBF7900E7EBF5 /* Project object */;
}
